
Microsoft Visual Studio Solution File, Format Version 12.00
# Visual Studio 14
VisualStudioVersion = 14.0.25420.1
MinimumVisualStudioVersion = 10.0.40219.1
Project("{FAE04EC0-301F-11D3-BF4B-00C04F79EFBC}") = "PeriodicStrings", "PeriodicStrings\PeriodicStrings.csproj", "{00918955-90C0-4708-9812-B8FCD3393FDF}"
EndProject
Project("{FAE04EC0-301F-11D3-BF4B-00C04F79EFBC}") = "PeriodicStringsTest", "PeriodicStringsTest\PeriodicStringsTest.csproj", "{DD51B18E-9DEF-4C8F-814C-34F4A23E68C2}"
EndProject
Global
	GlobalSection(SolutionConfigurationPlatforms) = preSolution
		Debug|Any CPU = Debug|Any CPU
		Release|Any CPU = Release|Any CPU
	EndGlobalSection
	GlobalSection(ProjectConfigurationPlatforms) = postSolution
		{00918955-90C0-4708-9812-B8FCD3393FDF}.Debug|Any CPU.ActiveCfg = Debug|Any CPU
		{00918955-90C0-4708-9812-B8FCD3393FDF}.Debug|Any CPU.Build.0 = Debug|Any CPU
		{00918955-90C0-4708-9812-B8FCD3393FDF}.Release|Any CPU.ActiveCfg = Release|Any CPU
		{00918955-90C0-4708-9812-B8FCD3393FDF}.Release|Any CPU.Build.0 = Release|Any CPU
		{DD51B18E-9DEF-4C8F-814C-34F4A23E68C2}.Debug|Any CPU.ActiveCfg = Debug|Any CPU
		{DD51B18E-9DEF-4C8F-814C-34F4A23E68C2}.Debug|Any CPU.Build.0 = Debug|Any CPU
		{DD51B18E-9DEF-4C8F-814C-34F4A23E68C2}.Release|Any CPU.ActiveCfg = Release|Any CPU
		{DD51B18E-9DEF-4C8F-814C-34F4A23E68C2}.Release|Any CPU.Build.0 = Release|Any CPU
	EndGlobalSection
	GlobalSection(SolutionProperties) = preSolution
		HideSolutionNode = FALSE
	EndGlobalSection
EndGlobal
